
Microsoft Visual Studio Solution File, Format Version 12.00
# Visual Studio 15
VisualStudioVersion = 15.0.28306.52
MinimumVisualStudioVersion = 10.0.40219.1
Project("{FAE04EC0-301F-11D3-BF4B-00C04F79EFBC}") = "MyCalculator", "MyCalculator\MyCalculator.csproj", "{90A809FB-8443-4E96-9777-54D80F145D19}"
EndProject
Project("{FAE04EC0-301F-11D3-BF4B-00C04F79EFBC}") = "CalculatorTests", "CalculatorTests\CalculatorTests.csproj", "{0213C61E-A8AA-4853-86F7-ADA18A947B06}"
EndProject
Global
	GlobalSection(SolutionConfigurationPlatforms) = preSolution
		Debug|Any CPU = Debug|Any CPU
		Release|Any CPU = Release|Any CPU
	EndGlobalSection
	GlobalSection(ProjectConfigurationPlatforms) = postSolution
		{90A809FB-8443-4E96-9777-54D80F145D19}.Debug|Any CPU.ActiveCfg = Debug|Any CPU
		{90A809FB-8443-4E96-9777-54D80F145D19}.Debug|Any CPU.Build.0 = Debug|Any CPU
		{90A809FB-8443-4E96-9777-54D80F145D19}.Release|Any CPU.ActiveCfg = Release|Any CPU
		{90A809FB-8443-4E96-9777-54D80F145D19}.Release|Any CPU.Build.0 = Release|Any CPU
		{0213C61E-A8AA-4853-86F7-ADA18A947B06}.Debug|Any CPU.ActiveCfg = Debug|Any CPU
		{0213C61E-A8AA-4853-86F7-ADA18A947B06}.Debug|Any CPU.Build.0 = Debug|Any CPU
		{0213C61E-A8AA-4853-86F7-ADA18A947B06}.Release|Any CPU.ActiveCfg = Release|Any CPU
		{0213C61E-A8AA-4853-86F7-ADA18A947B06}.Release|Any CPU.Build.0 = Release|Any CPU
	EndGlobalSection
	GlobalSection(SolutionProperties) = preSolution
		HideSolutionNode = FALSE
	EndGlobalSection
	GlobalSection(ExtensibilityGlobals) = postSolution
		SolutionGuid = {491FCBD8-B92B-4C34-BB4C-C2F7EA7673D7}
	EndGlobalSection
EndGlobal
